
Microsoft Visual Studio Solution File, Format Version 12.00
# Visual Studio 15
VisualStudioVersion = 15.0.28307.1705
MinimumVisualStudioVersion = 10.0.40219.1
Project("{8BC9CEB8-8B4A-11D0-8D11-00A0C91BC942}") = "test11_20", "test11_20\test11_20.vcxproj", "{AA612781-EA55-49A8-AFDC-70B2F0F8FEB9}"
EndProject
Global
	GlobalSection(SolutionConfigurationPlatforms) = preSolution
		Debug|x64 = Debug|x64
		Debug|x86 = Debug|x86
		Release|x64 = Release|x64
		Release|x86 = Release|x86
	EndGlobalSection
	GlobalSection(ProjectConfigurationPlatforms) = postSolution
		{AA612781-EA55-49A8-AFDC-70B2F0F8FEB9}.Debug|x64.ActiveCfg = Debug|x64
		{AA612781-EA55-49A8-AFDC-70B2F0F8FEB9}.Debug|x64.Build.0 = Debug|x64
		{AA612781-EA55-49A8-AFDC-70B2F0F8FEB9}.Debug|x86.ActiveCfg = Debug|Win32
		{AA612781-EA55-49A8-AFDC-70B2F0F8FEB9}.Debug|x86.Build.0 = Debug|Win32
		{AA612781-EA55-49A8-AFDC-70B2F0F8FEB9}.Release|x64.ActiveCfg = Release|x64
		{AA612781-EA55-49A8-AFDC-70B2F0F8FEB9}.Release|x64.Build.0 = Release|x64
		{AA612781-EA55-49A8-AFDC-70B2F0F8FEB9}.Release|x86.ActiveCfg = Release|Win32
		{AA612781-EA55-49A8-AFDC-70B2F0F8FEB9}.Release|x86.Build.0 = Release|Win32
	EndGlobalSection
	GlobalSection(SolutionProperties) = preSolution
		HideSolutionNode = FALSE
	EndGlobalSection
	GlobalSection(ExtensibilityGlobals) = postSolution
		SolutionGuid = {01E8EF8D-9671-454E-B49F-469C2E14D486}
	EndGlobalSection
EndGlobal
